// !$*UTF8*$!
{
	archiveVersion = 1;
	classes = {
	};
	objectVersion = 46;
	objects = {

/* Begin PBXBuildFile section */
		FD0478031F4FA23400AD61BB /* dungeon.ttf in Resources */ = {isa = PBXBuildFile; fileRef = FD0478021F4FA23400AD61BB /* dungeon.ttf */; };
		FD0478041F4FA23400AD61BB /* dungeon.ttf in Resources */ = {isa = PBXBuildFile; fileRef = FD0478021F4FA23400AD61BB /* dungeon.ttf */; };
		FD1E83911FC36910007227D0 /* TQOverlay.swift in Sources */ = {isa = PBXBuildFile; fileRef = FD1E83901FC36910007227D0 /* TQOverlay.swift */; };
		FD1E83921FC36910007227D0 /* TQOverlay.swift in Sources */ = {isa = PBXBuildFile; fileRef = FD1E83901FC36910007227D0 /* TQOverlay.swift */; };
		FD1E83971FC36FB7007227D0 /* TQOverlayBackgroundView.swift in Sources */ = {isa = PBXBuildFile; fileRef = FD1E83961FC36FB7007227D0 /* TQOverlayBackgroundView.swift */; };
		FD1E83981FC36FB7007227D0 /* TQOverlayBackgroundView.swift in Sources */ = {isa = PBXBuildFile; fileRef = FD1E83961FC36FB7007227D0 /* TQOverlayBackgroundView.swift */; };
		FD1E839A1FC370FA007227D0 /* TQOverlaySlidingMenu.swift in Sources */ = {isa = PBXBuildFile; fileRef = FD1E83991FC370FA007227D0 /* TQOverlaySlidingMenu.swift */; };
		FD1E839B1FC370FA007227D0 /* TQOverlaySlidingMenu.swift in Sources */ = {isa = PBXBuildFile; fileRef = FD1E83991FC370FA007227D0 /* TQOverlaySlidingMenu.swift */; };
		FD5047FD1F5747800064466D /* TQUserInfoInputView.xib in Resources */ = {isa = PBXBuildFile; fileRef = FD5047FC1F5747800064466D /* TQUserInfoInputView.xib */; };
		FD5047FE1F5747800064466D /* TQUserInfoInputView.xib in Resources */ = {isa = PBXBuildFile; fileRef = FD5047FC1F5747800064466D /* TQUserInfoInputView.xib */; };
		FD5A1B751FC8E42B00789626 /* KeychainItemAccessibility.swift in Sources */ = {isa = PBXBuildFile; fileRef = FD5A1B741FC8E42B00789626 /* KeychainItemAccessibility.swift */; };
		FD5A1B761FC8E42B00789626 /* KeychainItemAccessibility.swift in Sources */ = {isa = PBXBuildFile; fileRef = FD5A1B741FC8E42B00789626 /* KeychainItemAccessibility.swift */; };
		FD5A1B781FC8E4C300789626 /* TQUserInfoManager.swift in Sources */ = {isa = PBXBuildFile; fileRef = FD5A1B771FC8E4C300789626 /* TQUserInfoManager.swift */; };
		FD5A1B791FC8E4C300789626 /* TQUserInfoManager.swift in Sources */ = {isa = PBXBuildFile; fileRef = FD5A1B771FC8E4C300789626 /* TQUserInfoManager.swift */; };
		FD6443231FC8D855006CE187 /* KeychainWrapper.swift in Sources */ = {isa = PBXBuildFile; fileRef = FD6443221FC8D855006CE187 /* KeychainWrapper.swift */; };
		FD6443241FC8D855006CE187 /* KeychainWrapper.swift in Sources */ = {isa = PBXBuildFile; fileRef = FD6443221FC8D855006CE187 /* KeychainWrapper.swift */; };
		FD7DE1C71F64B21C006200D8 /* TQLogoutConfirmationView.xib in Resources */ = {isa = PBXBuildFile; fileRef = FD7DE1C61F64B21C006200D8 /* TQLogoutConfirmationView.xib */; };
		FD7DE1C81F64B21C006200D8 /* TQLogoutConfirmationView.xib in Resources */ = {isa = PBXBuildFile; fileRef = FD7DE1C61F64B21C006200D8 /* TQLogoutConfirmationView.xib */; };
		FD7E83651FC5159B00025211 /* String+TQEncoding.swift in Sources */ = {isa = PBXBuildFile; fileRef = FD7E83641FC5159B00025211 /* String+TQEncoding.swift */; };
		FD7E83661FC5159B00025211 /* String+TQEncoding.swift in Sources */ = {isa = PBXBuildFile; fileRef = FD7E83641FC5159B00025211 /* String+TQEncoding.swift */; };
		FD7E83681FC517F500025211 /* TQNNTPManager.swift in Sources */ = {isa = PBXBuildFile; fileRef = FD7E83671FC517F500025211 /* TQNNTPManager.swift */; };
		FD7E83691FC517F500025211 /* TQNNTPManager.swift in Sources */ = {isa = PBXBuildFile; fileRef = FD7E83671FC517F500025211 /* TQNNTPManager.swift */; };
		FD833CB31FC89EDD003A9FA0 /* TQArticleComposerViewController.swift in Sources */ = {isa = PBXBuildFile; fileRef = FD833CB21FC89EDD003A9FA0 /* TQArticleComposerViewController.swift */; };
		FD833CB41FC89EDD003A9FA0 /* TQArticleComposerViewController.swift in Sources */ = {isa = PBXBuildFile; fileRef = FD833CB21FC89EDD003A9FA0 /* TQArticleComposerViewController.swift */; };
		FD8E5A751F60B055008434F8 /* TQHeaderDownloadProgressView.xib in Resources */ = {isa = PBXBuildFile; fileRef = FD8E5A741F60B055008434F8 /* TQHeaderDownloadProgressView.xib */; };
		FD8E5A761F60B055008434F8 /* TQHeaderDownloadProgressView.xib in Resources */ = {isa = PBXBuildFile; fileRef = FD8E5A741F60B055008434F8 /* TQHeaderDownloadProgressView.xib */; };
		FD90FD9D1FC8F1B6005449F1 /* TQGroupSelectionTableViewCell.swift in Sources */ = {isa = PBXBuildFile; fileRef = FD90FD9C1FC8F1B5005449F1 /* TQGroupSelectionTableViewCell.swift */; };
		FD90FD9E1FC8F1B6005449F1 /* TQGroupSelectionTableViewCell.swift in Sources */ = {isa = PBXBuildFile; fileRef = FD90FD9C1FC8F1B5005449F1 /* TQGroupSelectionTableViewCell.swift */; };
		FD90FDA01FC8F62E005449F1 /* TQGroupSelectionViewController.swift in Sources */ = {isa = PBXBuildFile; fileRef = FD90FD9F1FC8F62E005449F1 /* TQGroupSelectionViewController.swift */; };
		FD90FDA11FC8F62E005449F1 /* TQGroupSelectionViewController.swift in Sources */ = {isa = PBXBuildFile; fileRef = FD90FD9F1FC8F62E005449F1 /* TQGroupSelectionViewController.swift */; };
		FD91EF641FCA0D24009CB0F5 /* Reachability.swift in Sources */ = {isa = PBXBuildFile; fileRef = FD91EF631FCA0D23009CB0F5 /* Reachability.swift */; };
		FD91EF651FCA0D24009CB0F5 /* Reachability.swift in Sources */ = {isa = PBXBuildFile; fileRef = FD91EF631FCA0D23009CB0F5 /* Reachability.swift */; };
		FD91EF671FCA17EA009CB0F5 /* TQLogger.swift in Sources */ = {isa = PBXBuildFile; fileRef = FD91EF661FCA17EA009CB0F5 /* TQLogger.swift */; };
		FD9CB6521F4233E800BC2225 /* main.m in Sources */ = {isa = PBXBuildFile; fileRef = FD9CB6511F4233E800BC2225 /* main.m */; };
		FD9CB6551F4233E800BC2225 /* TQAppDelegate.m in Sources */ = {isa = PBXBuildFile; fileRef = FD9CB6541F4233E800BC2225 /* TQAppDelegate.m */; };
		FD9CB65B1F4233E800BC2225 /* Main.storyboard in Resources */ = {isa = PBXBuildFile; fileRef = FD9CB6591F4233E800BC2225 /* Main.storyboard */; };
		FD9CB65D1F4233E800BC2225 /* Assets.xcassets in Resources */ = {isa = PBXBuildFile; fileRef = FD9CB65C1F4233E800BC2225 /* Assets.xcassets */; };
		FD9CB6601F4233E800BC2225 /* LaunchScreen.storyboard in Resources */ = {isa = PBXBuildFile; fileRef = FD9CB65E1F4233E800BC2225 /* LaunchScreen.storyboard */; };
		FD9CB66B1F4233E800BC2225 /* TurquoiseTests.m in Sources */ = {isa = PBXBuildFile; fileRef = FD9CB66A1F4233E800BC2225 /* TurquoiseTests.m */; };
		FD9CB8EB1F552820000755D6 /* Security.framework in Frameworks */ = {isa = PBXBuildFile; fileRef = FD9CB8EA1F552820000755D6 /* Security.framework */; };
		FDA449131F672457004E7079 /* TQReleaseNotesView.xib in Resources */ = {isa = PBXBuildFile; fileRef = FDA449121F672457004E7079 /* TQReleaseNotesView.xib */; };
		FDA449141F672457004E7079 /* TQReleaseNotesView.xib in Resources */ = {isa = PBXBuildFile; fileRef = FDA449121F672457004E7079 /* TQReleaseNotesView.xib */; };
		FDA449161F6725C7004E7079 /* WebKit.framework in Frameworks */ = {isa = PBXBuildFile; fileRef = FDA449151F6725C7004E7079 /* WebKit.framework */; };
		FDA539E21F5A654F009C7526 /* check1.png in Resources */ = {isa = PBXBuildFile; fileRef = FDA539E11F5A6542009C7526 /* check1.png */; };
		FDA539E31F5A6550009C7526 /* check1.png in Resources */ = {isa = PBXBuildFile; fileRef = FDA539E11F5A6542009C7526 /* check1.png */; };
		FDADC7531FC8BD0C00F76A94 /* TQUserInfoInputView.swift in Sources */ = {isa = PBXBuildFile; fileRef = FDADC7521FC8BD0C00F76A94 /* TQUserInfoInputView.swift */; };
		FDADC7541FC8BD0C00F76A94 /* TQUserInfoInputView.swift in Sources */ = {isa = PBXBuildFile; fileRef = FDADC7521FC8BD0C00F76A94 /* TQUserInfoInputView.swift */; };
		FDADC7561FC8CF0F00F76A94 /* TQLoginViewController.swift in Sources */ = {isa = PBXBuildFile; fileRef = FDADC7551FC8CF0F00F76A94 /* TQLoginViewController.swift */; };
		FDADC7571FC8CF0F00F76A94 /* TQLoginViewController.swift in Sources */ = {isa = PBXBuildFile; fileRef = FDADC7551FC8CF0F00F76A94 /* TQLoginViewController.swift */; };
		FDB6ED2E1FC4BC6200BACC8A /* TQNNTPGroup.swift in Sources */ = {isa = PBXBuildFile; fileRef = FDB6ED2D1FC4BC6200BACC8A /* TQNNTPGroup.swift */; };
		FDB6ED2F1FC4BC6200BACC8A /* TQNNTPGroup.swift in Sources */ = {isa = PBXBuildFile; fileRef = FDB6ED2D1FC4BC6200BACC8A /* TQNNTPGroup.swift */; };
		FDB6ED311FC4FDE200BACC8A /* TQNNTPArticle.swift in Sources */ = {isa = PBXBuildFile; fileRef = FDB6ED301FC4FDE200BACC8A /* TQNNTPArticle.swift */; };
		FDB6ED321FC4FDE200BACC8A /* TQNNTPArticle.swift in Sources */ = {isa = PBXBuildFile; fileRef = FDB6ED301FC4FDE200BACC8A /* TQNNTPArticle.swift */; };
		FDB6ED341FC50C8D00BACC8A /* TQNNTPArticleForest.swift in Sources */ = {isa = PBXBuildFile; fileRef = FDB6ED331FC50C8D00BACC8A /* TQNNTPArticleForest.swift */; };
		FDB6ED351FC50C8D00BACC8A /* TQNNTPArticleForest.swift in Sources */ = {isa = PBXBuildFile; fileRef = FDB6ED331FC50C8D00BACC8A /* TQNNTPArticleForest.swift */; };
		FDD365C41F5A052400A80106 /* news1.png in Resources */ = {isa = PBXBuildFile; fileRef = FDD365C31F5A007900A80106 /* news1.png */; };
		FDD365C51F5A052500A80106 /* news1.png in Resources */ = {isa = PBXBuildFile; fileRef = FDD365C31F5A007900A80106 /* news1.png */; };
		FDD365C71F5A05F100A80106 /* news2.png in Resources */ = {isa = PBXBuildFile; fileRef = FDD365C61F5A05DB00A80106 /* news2.png */; };
		FDD365C81F5A05F200A80106 /* news2.png in Resources */ = {isa = PBXBuildFile; fileRef = FDD365C61F5A05DB00A80106 /* news2.png */; };
		FDD365CA1F5A06CB00A80106 /* news3.png in Resources */ = {isa = PBXBuildFile; fileRef = FDD365C91F5A06C600A80106 /* news3.png */; };
		FDD365CB1F5A06CB00A80106 /* news3.png in Resources */ = {isa = PBXBuildFile; fileRef = FDD365C91F5A06C600A80106 /* news3.png */; };
		FDD365CD1F5A075300A80106 /* news4.png in Resources */ = {isa = PBXBuildFile; fileRef = FDD365CC1F5A075000A80106 /* news4.png */; };
		FDD365CE1F5A075300A80106 /* news4.png in Resources */ = {isa = PBXBuildFile; fileRef = FDD365CC1F5A075000A80106 /* news4.png */; };
		FDD365D01F5A07F700A80106 /* news5.png in Resources */ = {isa = PBXBuildFile; fileRef = FDD365CF1F5A07F500A80106 /* news5.png */; };
		FDD365D11F5A07F700A80106 /* news5.png in Resources */ = {isa = PBXBuildFile; fileRef = FDD365CF1F5A07F500A80106 /* news5.png */; };
		FDD365D31F5A08AF00A80106 /* settings1.png in Resources */ = {isa = PBXBuildFile; fileRef = FDD365D21F5A08AD00A80106 /* settings1.png */; };
		FDD365D41F5A08B000A80106 /* settings1.png in Resources */ = {isa = PBXBuildFile; fileRef = FDD365D21F5A08AD00A80106 /* settings1.png */; };
		FDD9BF191FCA22DE00457A47 /* TQLogger.swift in Sources */ = {isa = PBXBuildFile; fileRef = FD91EF661FCA17EA009CB0F5 /* TQLogger.swift */; };
		FDE7CBA91F7D73F100E6E89E /* TQLabel.swift in Sources */ = {isa = PBXBuildFile; fileRef = FDE7CBA81F7D73F100E6E89E /* TQLabel.swift */; };
		FDE7CBAA1F7D73F100E6E89E /* TQLabel.swift in Sources */ = {isa = PBXBuildFile; fileRef = FDE7CBA81F7D73F100E6E89E /* TQLabel.swift */; };
		FDE7CBAC1F7D7B9800E6E89E /* TQTextField.swift in Sources */ = {isa = PBXBuildFile; fileRef = FDE7CBAB1F7D7B9800E6E89E /* TQTextField.swift */; };
		FDE7CBAD1F7D7B9800E6E89E /* TQTextField.swift in Sources */ = {isa = PBXBuildFile; fileRef = FDE7CBAB1F7D7B9800E6E89E /* TQTextField.swift */; };
		FDE7CBAF1F7D993900E6E89E /* TQSearchBar.swift in Sources */ = {isa = PBXBuildFile; fileRef = FDE7CBAE1F7D993900E6E89E /* TQSearchBar.swift */; };
		FDE7CBB01F7D993900E6E89E /* TQSearchBar.swift in Sources */ = {isa = PBXBuildFile; fileRef = FDE7CBAE1F7D993900E6E89E /* TQSearchBar.swift */; };
		FDE7CBB21F7DA08100E6E89E /* UIView+NibLoader.swift in Sources */ = {isa = PBXBuildFile; fileRef = FDE7CBB11F7DA08100E6E89E /* UIView+NibLoader.swift */; };
		FDE7CBB31F7DA08100E6E89E /* UIView+NibLoader.swift in Sources */ = {isa = PBXBuildFile; fileRef = FDE7CBB11F7DA08100E6E89E /* UIView+NibLoader.swift */; };
		FDE86E721FC77F27009C0466 /* TQGroupViewController.swift in Sources */ = {isa = PBXBuildFile; fileRef = FDE86E711FC77F27009C0466 /* TQGroupViewController.swift */; };
		FDE86E731FC77F27009C0466 /* TQGroupViewController.swift in Sources */ = {isa = PBXBuildFile; fileRef = FDE86E711FC77F27009C0466 /* TQGroupViewController.swift */; };
		FDE86E751FC78A63009C0466 /* TQLogoutConfirmationView.swift in Sources */ = {isa = PBXBuildFile; fileRef = FDE86E741FC78A63009C0466 /* TQLogoutConfirmationView.swift */; };
		FDE86E761FC78A63009C0466 /* TQLogoutConfirmationView.swift in Sources */ = {isa = PBXBuildFile; fileRef = FDE86E741FC78A63009C0466 /* TQLogoutConfirmationView.swift */; };
		FDE86E781FC78CE6009C0466 /* TQReleaseNotesView.swift in Sources */ = {isa = PBXBuildFile; fileRef = FDE86E771FC78CE6009C0466 /* TQReleaseNotesView.swift */; };
		FDE86E791FC78CE6009C0466 /* TQReleaseNotesView.swift in Sources */ = {isa = PBXBuildFile; fileRef = FDE86E771FC78CE6009C0466 /* TQReleaseNotesView.swift */; };
		FDE86E7B1FC790A6009C0466 /* TQHeaderDownloadProgressView.swift in Sources */ = {isa = PBXBuildFile; fileRef = FDE86E7A1FC790A6009C0466 /* TQHeaderDownloadProgressView.swift */; };
		FDE86E7C1FC790A6009C0466 /* TQHeaderDownloadProgressView.swift in Sources */ = {isa = PBXBuildFile; fileRef = FDE86E7A1FC790A6009C0466 /* TQHeaderDownloadProgressView.swift */; };
		FDE86E7E1FC794E5009C0466 /* TQArticleHeaderTableViewCell.swift in Sources */ = {isa = PBXBuildFile; fileRef = FDE86E7D1FC794E5009C0466 /* TQArticleHeaderTableViewCell.swift */; };
		FDE86E7F1FC794E5009C0466 /* TQArticleHeaderTableViewCell.swift in Sources */ = {isa = PBXBuildFile; fileRef = FDE86E7D1FC794E5009C0466 /* TQArticleHeaderTableViewCell.swift */; };
		FDE86E811FC898F7009C0466 /* TQArticleViewController.swift in Sources */ = {isa = PBXBuildFile; fileRef = FDE86E801FC898F7009C0466 /* TQArticleViewController.swift */; };
		FDE86E821FC898F7009C0466 /* TQArticleViewController.swift in Sources */ = {isa = PBXBuildFile; fileRef = FDE86E801FC898F7009C0466 /* TQArticleViewController.swift */; };
		FDF0E17B1FC3FF42003AEA1B /* TQNNTPResponse.swift in Sources */ = {isa = PBXBuildFile; fileRef = FDF0E17A1FC3FF42003AEA1B /* TQNNTPResponse.swift */; };
		FDF0E17C1FC3FF42003AEA1B /* TQNNTPResponse.swift in Sources */ = {isa = PBXBuildFile; fileRef = FDF0E17A1FC3FF42003AEA1B /* TQNNTPResponse.swift */; };
/* End PBXBuildFile section */

/* Begin PBXContainerItemProxy section */
		FD9CB6671F4233E800BC2225 /* PBXContainerItemProxy */ = {
			isa = PBXContainerItemProxy;
			containerPortal = FD9CB6451F4233E800BC2225 /* Project object */;
			proxyType = 1;
			remoteGlobalIDString = FD9CB64C1F4233E800BC2225;
			remoteInfo = Turquoise;
		};
/* End PBXContainerItemProxy section */

/* Begin PBXFileReference section */
		FD0478021F4FA23400AD61BB /* dungeon.ttf */ = {isa = PBXFileReference; lastKnownFileType = file; path = dungeon.ttf; sourceTree = "<group>"; };
		FD1D37C91F69B25D002E5978 /* TQPrefixHeader.pch */ = {isa = PBXFileReference; lastKnownFileType = sourcecode.c.h; path = TQPrefixHeader.pch; sourceTree = "<group>"; };
		FD1E83901FC36910007227D0 /* TQOverlay.swift */ = {isa = PBXFileReference; lastKnownFileType = sourcecode.swift; path = TQOverlay.swift; sourceTree = "<group>"; };
		FD1E83961FC36FB7007227D0 /* TQOverlayBackgroundView.swift */ = {isa = PBXFileReference; lastKnownFileType = sourcecode.swift; path = TQOverlayBackgroundView.swift; sourceTree = "<group>"; };
		FD1E83991FC370FA007227D0 /* TQOverlaySlidingMenu.swift */ = {isa = PBXFileReference; lastKnownFileType = sourcecode.swift; path = TQOverlaySlidingMenu.swift; sourceTree = "<group>"; };
		FD5047FC1F5747800064466D /* TQUserInfoInputView.xib */ = {isa = PBXFileReference; fileEncoding = 4; lastKnownFileType = file.xib; path = TQUserInfoInputView.xib; sourceTree = "<group>"; };
		FD5A1B731FC8E42200789626 /* SwiftKeychainWrapper.h */ = {isa = PBXFileReference; fileEncoding = 4; lastKnownFileType = sourcecode.c.h; path = SwiftKeychainWrapper.h; sourceTree = "<group>"; };
		FD5A1B741FC8E42B00789626 /* KeychainItemAccessibility.swift */ = {isa = PBXFileReference; fileEncoding = 4; lastKnownFileType = sourcecode.swift; path = KeychainItemAccessibility.swift; sourceTree = "<group>"; };
		FD5A1B771FC8E4C300789626 /* TQUserInfoManager.swift */ = {isa = PBXFileReference; lastKnownFileType = sourcecode.swift; path = TQUserInfoManager.swift; sourceTree = "<group>"; };
		FD6443221FC8D855006CE187 /* KeychainWrapper.swift */ = {isa = PBXFileReference; lastKnownFileType = sourcecode.swift; path = KeychainWrapper.swift; sourceTree = "<group>"; };
		FD7DE1C61F64B21C006200D8 /* TQLogoutConfirmationView.xib */ = {isa = PBXFileReference; lastKnownFileType = file.xib; path = TQLogoutConfirmationView.xib; sourceTree = "<group>"; };
		FD7E83641FC5159B00025211 /* String+TQEncoding.swift */ = {isa = PBXFileReference; lastKnownFileType = sourcecode.swift; path = "String+TQEncoding.swift"; sourceTree = "<group>"; };
		FD7E83671FC517F500025211 /* TQNNTPManager.swift */ = {isa = PBXFileReference; lastKnownFileType = sourcecode.swift; path = TQNNTPManager.swift; sourceTree = "<group>"; };
		FD833CB21FC89EDD003A9FA0 /* TQArticleComposerViewController.swift */ = {isa = PBXFileReference; lastKnownFileType = sourcecode.swift; path = TQArticleComposerViewController.swift; sourceTree = "<group>"; };
		FD8E5A741F60B055008434F8 /* TQHeaderDownloadProgressView.xib */ = {isa = PBXFileReference; lastKnownFileType = file.xib; path = TQHeaderDownloadProgressView.xib; sourceTree = "<group>"; };
		FD90FD9C1FC8F1B5005449F1 /* TQGroupSelectionTableViewCell.swift */ = {isa = PBXFileReference; lastKnownFileType = sourcecode.swift; path = TQGroupSelectionTableViewCell.swift; sourceTree = "<group>"; };
		FD90FD9F1FC8F62E005449F1 /* TQGroupSelectionViewController.swift */ = {isa = PBXFileReference; lastKnownFileType = sourcecode.swift; path = TQGroupSelectionViewController.swift; sourceTree = "<group>"; };
		FD91EF631FCA0D23009CB0F5 /* Reachability.swift */ = {isa = PBXFileReference; fileEncoding = 4; lastKnownFileType = sourcecode.swift; path = Reachability.swift; sourceTree = "<group>"; };
		FD91EF661FCA17EA009CB0F5 /* TQLogger.swift */ = {isa = PBXFileReference; lastKnownFileType = sourcecode.swift; path = TQLogger.swift; sourceTree = "<group>"; };
		FD9CB64D1F4233E800BC2225 /* Turquoise.app */ = {isa = PBXFileReference; explicitFileType = wrapper.application; includeInIndex = 0; path = Turquoise.app; sourceTree = BUILT_PRODUCTS_DIR; };
		FD9CB6511F4233E800BC2225 /* main.m */ = {isa = PBXFileReference; lastKnownFileType = sourcecode.c.objc; path = main.m; sourceTree = "<group>"; };
		FD9CB6531F4233E800BC2225 /* TQAppDelegate.h */ = {isa = PBXFileReference; lastKnownFileType = sourcecode.c.h; path = TQAppDelegate.h; sourceTree = "<group>"; };
		FD9CB6541F4233E800BC2225 /* TQAppDelegate.m */ = {isa = PBXFileReference; lastKnownFileType = sourcecode.c.objc; path = TQAppDelegate.m; sourceTree = "<group>"; };
		FD9CB65A1F4233E800BC2225 /* Base */ = {isa = PBXFileReference; lastKnownFileType = file.storyboard; name = Base; path = Base.lproj/Main.storyboard; sourceTree = "<group>"; };
		FD9CB65C1F4233E800BC2225 /* Assets.xcassets */ = {isa = PBXFileReference; lastKnownFileType = folder.assetcatalog; path = Assets.xcassets; sourceTree = "<group>"; };
		FD9CB65F1F4233E800BC2225 /* Base */ = {isa = PBXFileReference; lastKnownFileType = file.storyboard; name = Base; path = Base.lproj/LaunchScreen.storyboard; sourceTree = "<group>"; };
		FD9CB6611F4233E800BC2225 /* Info.plist */ = {isa = PBXFileReference; lastKnownFileType = text.plist.xml; path = Info.plist; sourceTree = "<group>"; };
		FD9CB6661F4233E800BC2225 /* TurquoiseTests.xctest */ = {isa = PBXFileReference; explicitFileType = wrapper.cfbundle; includeInIndex = 0; path = TurquoiseTests.xctest; sourceTree = BUILT_PRODUCTS_DIR; };
		FD9CB66A1F4233E800BC2225 /* TurquoiseTests.m */ = {isa = PBXFileReference; lastKnownFileType = sourcecode.c.objc; path = TurquoiseTests.m; sourceTree = "<group>"; };
		FD9CB66C1F4233E800BC2225 /* Info.plist */ = {isa = PBXFileReference; lastKnownFileType = text.plist.xml; path = Info.plist; sourceTree = "<group>"; };
		FD9CB8EA1F552820000755D6 /* Security.framework */ = {isa = PBXFileReference; lastKnownFileType = wrapper.framework; name = Security.framework; path = System/Library/Frameworks/Security.framework; sourceTree = SDKROOT; };
		FDA449121F672457004E7079 /* TQReleaseNotesView.xib */ = {isa = PBXFileReference; lastKnownFileType = file.xib; path = TQReleaseNotesView.xib; sourceTree = "<group>"; };
		FDA449151F6725C7004E7079 /* WebKit.framework */ = {isa = PBXFileReference; lastKnownFileType = wrapper.framework; name = WebKit.framework; path = System/Library/Frameworks/WebKit.framework; sourceTree = SDKROOT; };
		FDA539E11F5A6542009C7526 /* check1.png */ = {isa = PBXFileReference; lastKnownFileType = image.png; path = check1.png; sourceTree = "<group>"; };
		FDADC7521FC8BD0C00F76A94 /* TQUserInfoInputView.swift */ = {isa = PBXFileReference; lastKnownFileType = sourcecode.swift; path = TQUserInfoInputView.swift; sourceTree = "<group>"; };
		FDADC7551FC8CF0F00F76A94 /* TQLoginViewController.swift */ = {isa = PBXFileReference; lastKnownFileType = sourcecode.swift; path = TQLoginViewController.swift; sourceTree = "<group>"; };
		FDB6ED2D1FC4BC6200BACC8A /* TQNNTPGroup.swift */ = {isa = PBXFileReference; lastKnownFileType = sourcecode.swift; path = TQNNTPGroup.swift; sourceTree = "<group>"; };
		FDB6ED301FC4FDE200BACC8A /* TQNNTPArticle.swift */ = {isa = PBXFileReference; lastKnownFileType = sourcecode.swift; path = TQNNTPArticle.swift; sourceTree = "<group>"; };
		FDB6ED331FC50C8D00BACC8A /* TQNNTPArticleForest.swift */ = {isa = PBXFileReference; lastKnownFileType = sourcecode.swift; path = TQNNTPArticleForest.swift; sourceTree = "<group>"; };
		FDD365C31F5A007900A80106 /* news1.png */ = {isa = PBXFileReference; lastKnownFileType = image.png; path = news1.png; sourceTree = "<group>"; };
		FDD365C61F5A05DB00A80106 /* news2.png */ = {isa = PBXFileReference; lastKnownFileType = image.png; path = news2.png; sourceTree = "<group>"; };
		FDD365C91F5A06C600A80106 /* news3.png */ = {isa = PBXFileReference; lastKnownFileType = image.png; path = news3.png; sourceTree = "<group>"; };
		FDD365CC1F5A075000A80106 /* news4.png */ = {isa = PBXFileReference; lastKnownFileType = image.png; path = news4.png; sourceTree = "<group>"; };
		FDD365CF1F5A07F500A80106 /* news5.png */ = {isa = PBXFileReference; lastKnownFileType = image.png; path = news5.png; sourceTree = "<group>"; };
		FDD365D21F5A08AD00A80106 /* settings1.png */ = {isa = PBXFileReference; lastKnownFileType = image.png; path = settings1.png; sourceTree = "<group>"; };
		FDE7CBA81F7D73F100E6E89E /* TQLabel.swift */ = {isa = PBXFileReference; lastKnownFileType = sourcecode.swift; path = TQLabel.swift; sourceTree = "<group>"; };
		FDE7CBAB1F7D7B9800E6E89E /* TQTextField.swift */ = {isa = PBXFileReference; lastKnownFileType = sourcecode.swift; path = TQTextField.swift; sourceTree = "<group>"; };
		FDE7CBAE1F7D993900E6E89E /* TQSearchBar.swift */ = {isa = PBXFileReference; lastKnownFileType = sourcecode.swift; path = TQSearchBar.swift; sourceTree = "<group>"; };
		FDE7CBB11F7DA08100E6E89E /* UIView+NibLoader.swift */ = {isa = PBXFileReference; lastKnownFileType = sourcecode.swift; path = "UIView+NibLoader.swift"; sourceTree = "<group>"; };
		FDE86E711FC77F27009C0466 /* TQGroupViewController.swift */ = {isa = PBXFileReference; lastKnownFileType = sourcecode.swift; path = TQGroupViewController.swift; sourceTree = "<group>"; };
		FDE86E741FC78A63009C0466 /* TQLogoutConfirmationView.swift */ = {isa = PBXFileReference; lastKnownFileType = sourcecode.swift; path = TQLogoutConfirmationView.swift; sourceTree = "<group>"; };
		FDE86E771FC78CE6009C0466 /* TQReleaseNotesView.swift */ = {isa = PBXFileReference; lastKnownFileType = sourcecode.swift; path = TQReleaseNotesView.swift; sourceTree = "<group>"; };
		FDE86E7A1FC790A6009C0466 /* TQHeaderDownloadProgressView.swift */ = {isa = PBXFileReference; lastKnownFileType = sourcecode.swift; path = TQHeaderDownloadProgressView.swift; sourceTree = "<group>"; };
		FDE86E7D1FC794E5009C0466 /* TQArticleHeaderTableViewCell.swift */ = {isa = PBXFileReference; lastKnownFileType = sourcecode.swift; path = TQArticleHeaderTableViewCell.swift; sourceTree = "<group>"; };
		FDE86E801FC898F7009C0466 /* TQArticleViewController.swift */ = {isa = PBXFileReference; lastKnownFileType = sourcecode.swift; path = TQArticleViewController.swift; sourceTree = "<group>"; };
		FDF0E17A1FC3FF42003AEA1B /* TQNNTPResponse.swift */ = {isa = PBXFileReference; lastKnownFileType = sourcecode.swift; path = TQNNTPResponse.swift; sourceTree = "<group>"; };
/* End PBXFileReference section */

/* Begin PBXFrameworksBuildPhase section */
		FD9CB64A1F4233E800BC2225 /* Frameworks */ = {
			isa = PBXFrameworksBuildPhase;
			buildActionMask = 2147483647;
			files = (
				FDA449161F6725C7004E7079 /* WebKit.framework in Frameworks */,
				FD9CB8EB1F552820000755D6 /* Security.framework in Frameworks */,
			);
			runOnlyForDeploymentPostprocessing = 0;
		};
		FD9CB6631F4233E800BC2225 /* Frameworks */ = {
			isa = PBXFrameworksBuildPhase;
			buildActionMask = 2147483647;
			files = (
			);
			runOnlyForDeploymentPostprocessing = 0;
		};
/* End PBXFrameworksBuildPhase section */

/* Begin PBXGroup section */
		FD0478011F4FA20C00AD61BB /* Resources */ = {
			isa = PBXGroup;
			children = (
				FDD365C21F5A004200A80106 /* Icons */,
				FD0478021F4FA23400AD61BB /* dungeon.ttf */,
			);
			path = Resources;
			sourceTree = "<group>";
		};
		FD12F6271F574BCC00415514 /* VC */ = {
			isa = PBXGroup;
			children = (
				FDE86E7D1FC794E5009C0466 /* TQArticleHeaderTableViewCell.swift */,
				FDE86E801FC898F7009C0466 /* TQArticleViewController.swift */,
				FDADC7551FC8CF0F00F76A94 /* TQLoginViewController.swift */,
				FDE86E711FC77F27009C0466 /* TQGroupViewController.swift */,
				FD90FD9F1FC8F62E005449F1 /* TQGroupSelectionViewController.swift */,
				FD90FD9C1FC8F1B5005449F1 /* TQGroupSelectionTableViewCell.swift */,
				FD833CB21FC89EDD003A9FA0 /* TQArticleComposerViewController.swift */,
			);
			path = VC;
			sourceTree = "<group>";
		};
		FD12F6301F57563100415514 /* Common */ = {
			isa = PBXGroup;
			children = (
				FDE7CBA81F7D73F100E6E89E /* TQLabel.swift */,
				FDE7CBAB1F7D7B9800E6E89E /* TQTextField.swift */,
				FDE7CBAE1F7D993900E6E89E /* TQSearchBar.swift */,
				FDE7CBB11F7DA08100E6E89E /* UIView+NibLoader.swift */,
			);
			path = Common;
			sourceTree = "<group>";
		};
		FD15CB9B1F6074D300C64B88 /* Overlay */ = {
			isa = PBXGroup;
			children = (
				FD1E83991FC370FA007227D0 /* TQOverlaySlidingMenu.swift */,
				FD1E83901FC36910007227D0 /* TQOverlay.swift */,
				FD1E83961FC36FB7007227D0 /* TQOverlayBackgroundView.swift */,
			);
			path = Overlay;
			sourceTree = "<group>";
		};
		FD44C5F61F423F1B003B3605 /* NNTPClient */ = {
			isa = PBXGroup;
			children = (
				FDB6ED301FC4FDE200BACC8A /* TQNNTPArticle.swift */,
				FDB6ED331FC50C8D00BACC8A /* TQNNTPArticleForest.swift */,
				FDB6ED2D1FC4BC6200BACC8A /* TQNNTPGroup.swift */,
				FDF0E17A1FC3FF42003AEA1B /* TQNNTPResponse.swift */,
				FD7E83671FC517F500025211 /* TQNNTPManager.swift */,
			);
			name = NNTPClient;
			sourceTree = "<group>";
		};
		FD87460D1F4973B400C95C5A /* UI */ = {
			isa = PBXGroup;
			children = (
				FD15CB9B1F6074D300C64B88 /* Overlay */,
				FD12F6301F57563100415514 /* Common */,
				FD12F6271F574BCC00415514 /* VC */,
				FDADC7521FC8BD0C00F76A94 /* TQUserInfoInputView.swift */,
				FD5047FC1F5747800064466D /* TQUserInfoInputView.xib */,
				FDE86E7A1FC790A6009C0466 /* TQHeaderDownloadProgressView.swift */,
				FD8E5A741F60B055008434F8 /* TQHeaderDownloadProgressView.xib */,
				FDE86E741FC78A63009C0466 /* TQLogoutConfirmationView.swift */,
				FD7DE1C61F64B21C006200D8 /* TQLogoutConfirmationView.xib */,
				FDE86E771FC78CE6009C0466 /* TQReleaseNotesView.swift */,
				FDA449121F672457004E7079 /* TQReleaseNotesView.xib */,
			);
			path = UI;
			sourceTree = "<group>";
		};
		FD9CB6441F4233E800BC2225 = {
			isa = PBXGroup;
			children = (
				FD9CB64F1F4233E800BC2225 /* Turquoise */,
				FD9CB6691F4233E800BC2225 /* TurquoiseTests */,
				FD9CB64E1F4233E800BC2225 /* Products */,
				FD9CB8E91F552820000755D6 /* Frameworks */,
			);
			sourceTree = "<group>";
		};
		FD9CB64E1F4233E800BC2225 /* Products */ = {
			isa = PBXGroup;
			children = (
				FD9CB64D1F4233E800BC2225 /* Turquoise.app */,
				FD9CB6661F4233E800BC2225 /* TurquoiseTests.xctest */,
			);
			name = Products;
			sourceTree = "<group>";
		};
		FD9CB64F1F4233E800BC2225 /* Turquoise */ = {
			isa = PBXGroup;
			children = (
				FD9CB6591F4233E800BC2225 /* Main.storyboard */,
				FDF0F9641F58B493008FE181 /* Manager */,
				FD9CB8E31F55271D000755D6 /* Keychain */,
				FD0478011F4FA20C00AD61BB /* Resources */,
				FDCC42E71F4BA844001EC1BC /* String */,
				FD87460D1F4973B400C95C5A /* UI */,
				FD44C5F61F423F1B003B3605 /* NNTPClient */,
				FD9CB6531F4233E800BC2225 /* TQAppDelegate.h */,
				FD9CB6541F4233E800BC2225 /* TQAppDelegate.m */,
				FD9CB65C1F4233E800BC2225 /* Assets.xcassets */,
				FD9CB65E1F4233E800BC2225 /* LaunchScreen.storyboard */,
				FD9CB6611F4233E800BC2225 /* Info.plist */,
				FD9CB6501F4233E800BC2225 /* Supporting Files */,
				FD91EF661FCA17EA009CB0F5 /* TQLogger.swift */,
				FD1D37C91F69B25D002E5978 /* TQPrefixHeader.pch */,
			);
			path = Turquoise;
			sourceTree = "<group>";
		};
		FD9CB6501F4233E800BC2225 /* Supporting Files */ = {
			isa = PBXGroup;
			children = (
				FD9CB6511F4233E800BC2225 /* main.m */,
			);
			name = "Supporting Files";
			sourceTree = "<group>";
		};
		FD9CB6691F4233E800BC2225 /* TurquoiseTests */ = {
			isa = PBXGroup;
			children = (
				FD9CB66A1F4233E800BC2225 /* TurquoiseTests.m */,
				FD9CB66C1F4233E800BC2225 /* Info.plist */,
			);
			path = TurquoiseTests;
			sourceTree = "<group>";
		};
		FD9CB8E31F55271D000755D6 /* Keychain */ = {
			isa = PBXGroup;
			children = (
				FD5A1B731FC8E42200789626 /* SwiftKeychainWrapper.h */,
				FD6443221FC8D855006CE187 /* KeychainWrapper.swift */,
				FD5A1B741FC8E42B00789626 /* KeychainItemAccessibility.swift */,
			);
			path = Keychain;
			sourceTree = "<group>";
		};
		FD9CB8E91F552820000755D6 /* Frameworks */ = {
			isa = PBXGroup;
			children = (
				FDA449151F6725C7004E7079 /* WebKit.framework */,
				FD9CB8EA1F552820000755D6 /* Security.framework */,
			);
			name = Frameworks;
			sourceTree = "<group>";
		};
		FDCC42E71F4BA844001EC1BC /* String */ = {
			isa = PBXGroup;
			children = (
				FD7E83641FC5159B00025211 /* String+TQEncoding.swift */,
			);
			path = String;
			sourceTree = "<group>";
		};
		FDD365C21F5A004200A80106 /* Icons */ = {
			isa = PBXGroup;
			children = (
				FDD365C31F5A007900A80106 /* news1.png */,
				FDD365C61F5A05DB00A80106 /* news2.png */,
				FDD365C91F5A06C600A80106 /* news3.png */,
				FDD365CC1F5A075000A80106 /* news4.png */,
				FDD365CF1F5A07F500A80106 /* news5.png */,
				FDD365D21F5A08AD00A80106 /* settings1.png */,
				FDA539E11F5A6542009C7526 /* check1.png */,
			);
			path = Icons;
			sourceTree = "<group>";
		};
		FDF0F9641F58B493008FE181 /* Manager */ = {
			isa = PBXGroup;
			children = (
				FD91EF631FCA0D23009CB0F5 /* Reachability.swift */,
				FD5A1B771FC8E4C300789626 /* TQUserInfoManager.swift */,
			);
			path = Manager;
			sourceTree = "<group>";
		};
/* End PBXGroup section */

/* Begin PBXNativeTarget section */
		FD9CB64C1F4233E800BC2225 /* Turquoise */ = {
			isa = PBXNativeTarget;
			buildConfigurationList = FD9CB66F1F4233E800BC2225 /* Build configuration list for PBXNativeTarget "Turquoise" */;
			buildPhases = (
				FD9CB6491F4233E800BC2225 /* Sources */,
				FD9CB64A1F4233E800BC2225 /* Frameworks */,
				FD9CB64B1F4233E800BC2225 /* Resources */,
				FD95D1B01F4E05560088EDA6 /* Integrate Reveal Server */,
			);
			buildRules = (
			);
			dependencies = (
			);
			name = Turquoise;
			productName = Turquoise;
			productReference = FD9CB64D1F4233E800BC2225 /* Turquoise.app */;
			productType = "com.apple.product-type.application";
		};
		FD9CB6651F4233E800BC2225 /* TurquoiseTests */ = {
			isa = PBXNativeTarget;
			buildConfigurationList = FD9CB6721F4233E800BC2225 /* Build configuration list for PBXNativeTarget "TurquoiseTests" */;
			buildPhases = (
				FD9CB6621F4233E800BC2225 /* Sources */,
				FD9CB6631F4233E800BC2225 /* Frameworks */,
				FD9CB6641F4233E800BC2225 /* Resources */,
			);
			buildRules = (
			);
			dependencies = (
				FD9CB6681F4233E800BC2225 /* PBXTargetDependency */,
			);
			name = TurquoiseTests;
			productName = TurquoiseTests;
			productReference = FD9CB6661F4233E800BC2225 /* TurquoiseTests.xctest */;
			productType = "com.apple.product-type.bundle.unit-test";
		};
/* End PBXNativeTarget section */

/* Begin PBXProject section */
		FD9CB6451F4233E800BC2225 /* Project object */ = {
			isa = PBXProject;
			attributes = {
				LastUpgradeCheck = 0910;
				ORGANIZATIONNAME = "Tolga AKIN";
				TargetAttributes = {
					FD9CB64C1F4233E800BC2225 = {
						CreatedOnToolsVersion = 7.3.1;
						DevelopmentTeam = 286BN4BY9J;
						LastSwiftMigration = 0900;
					};
					FD9CB6651F4233E800BC2225 = {
						CreatedOnToolsVersion = 7.3.1;
						LastSwiftMigration = 0900;
						TestTargetID = FD9CB64C1F4233E800BC2225;
					};
				};
			};
			buildConfigurationList = FD9CB6481F4233E800BC2225 /* Build configuration list for PBXProject "Turquoise" */;
			compatibilityVersion = "Xcode 3.2";
			developmentRegion = English;
			hasScannedForEncodings = 0;
			knownRegions = (
				en,
				Base,
			);
			mainGroup = FD9CB6441F4233E800BC2225;
			productRefGroup = FD9CB64E1F4233E800BC2225 /* Products */;
			projectDirPath = "";
			projectRoot = "";
			targets = (
				FD9CB64C1F4233E800BC2225 /* Turquoise */,
				FD9CB6651F4233E800BC2225 /* TurquoiseTests */,
			);
		};
/* End PBXProject section */

/* Begin PBXResourcesBuildPhase section */
		FD9CB64B1F4233E800BC2225 /* Resources */ = {
			isa = PBXResourcesBuildPhase;
			buildActionMask = 2147483647;
			files = (
				FDA539E31F5A6550009C7526 /* check1.png in Resources */,
				FD8E5A751F60B055008434F8 /* TQHeaderDownloadProgressView.xib in Resources */,
				FDD365CD1F5A075300A80106 /* news4.png in Resources */,
				FDD365D31F5A08AF00A80106 /* settings1.png in Resources */,
				FDD365C41F5A052400A80106 /* news1.png in Resources */,
				FD5047FD1F5747800064466D /* TQUserInfoInputView.xib in Resources */,
				FD9CB6601F4233E800BC2225 /* LaunchScreen.storyboard in Resources */,
				FDD365D11F5A07F700A80106 /* news5.png in Resources */,
				FD7DE1C71F64B21C006200D8 /* TQLogoutConfirmationView.xib in Resources */,
				FD9CB65D1F4233E800BC2225 /* Assets.xcassets in Resources */,
				FDD365CA1F5A06CB00A80106 /* news3.png in Resources */,
				FD9CB65B1F4233E800BC2225 /* Main.storyboard in Resources */,
				FDA449131F672457004E7079 /* TQReleaseNotesView.xib in Resources */,
				FD0478031F4FA23400AD61BB /* dungeon.ttf in Resources */,
				FDD365C71F5A05F100A80106 /* news2.png in Resources */,
			);
			runOnlyForDeploymentPostprocessing = 0;
		};
		FD9CB6641F4233E800BC2225 /* Resources */ = {
			isa = PBXResourcesBuildPhase;
			buildActionMask = 2147483647;
			files = (
				FDD365C51F5A052500A80106 /* news1.png in Resources */,
				FD0478041F4FA23400AD61BB /* dungeon.ttf in Resources */,
				FDD365D41F5A08B000A80106 /* settings1.png in Resources */,
				FD5047FE1F5747800064466D /* TQUserInfoInputView.xib in Resources */,
				FD8E5A761F60B055008434F8 /* TQHeaderDownloadProgressView.xib in Resources */,
				FDD365CE1F5A075300A80106 /* news4.png in Resources */,
				FDD365D01F5A07F700A80106 /* news5.png in Resources */,
				FDA539E21F5A654F009C7526 /* check1.png in Resources */,
				FD7DE1C81F64B21C006200D8 /* TQLogoutConfirmationView.xib in Resources */,
				FDA449141F672457004E7079 /* TQReleaseNotesView.xib in Resources */,
				FDD365CB1F5A06CB00A80106 /* news3.png in Resources */,
				FDD365C81F5A05F200A80106 /* news2.png in Resources */,
			);
			runOnlyForDeploymentPostprocessing = 0;
		};
/* End PBXResourcesBuildPhase section */

/* Begin PBXShellScriptBuildPhase section */
		FD95D1B01F4E05560088EDA6 /* Integrate Reveal Server */ = {
			isa = PBXShellScriptBuildPhase;
			buildActionMask = 2147483647;
			files = (
			);
			inputPaths = (
			);
			name = "Integrate Reveal Server";
			outputPaths = (
			);
			runOnlyForDeploymentPostprocessing = 0;
			shellPath = /bin/sh;
			shellScript = "export REVEAL_SERVER_FILENAME=\"RevealServer.framework\"\n\n# Update this path to point to the location of RevealServer.framework in your project.\nexport REVEAL_SERVER_PATH=\"${SRCROOT}/${REVEAL_SERVER_FILENAME}\"\n\n# If configuration is not Debug, skip this script.\n[ \"${CONFIGURATION}\" != \"Debug\" ] && exit 0\n\n# If RevealServer.framework exists at the specified path, run code signing script.\nif [ -d \"${REVEAL_SERVER_PATH}\" ]; then\n\"${REVEAL_SERVER_PATH}/Scripts/copy_and_codesign_revealserver.sh\"\nelse\necho \"Cannot find RevealServer.framework, so Reveal Server will not be started for your app.\"\nfi";
		};
/* End PBXShellScriptBuildPhase section */

/* Begin PBXSourcesBuildPhase section */
		FD9CB6491F4233E800BC2225 /* Sources */ = {
			isa = PBXSourcesBuildPhase;
			buildActionMask = 2147483647;
			files = (
				FDE86E811FC898F7009C0466 /* TQArticleViewController.swift in Sources */,
				FD90FD9D1FC8F1B6005449F1 /* TQGroupSelectionTableViewCell.swift in Sources */,
				FDB6ED341FC50C8D00BACC8A /* TQNNTPArticleForest.swift in Sources */,
				FD6443231FC8D855006CE187 /* KeychainWrapper.swift in Sources */,
				FD9CB6551F4233E800BC2225 /* TQAppDelegate.m in Sources */,
				FDE86E721FC77F27009C0466 /* TQGroupViewController.swift in Sources */,
				FDF0E17B1FC3FF42003AEA1B /* TQNNTPResponse.swift in Sources */,
				FDB6ED311FC4FDE200BACC8A /* TQNNTPArticle.swift in Sources */,
				FD1E83971FC36FB7007227D0 /* TQOverlayBackgroundView.swift in Sources */,
				FDADC7561FC8CF0F00F76A94 /* TQLoginViewController.swift in Sources */,
				FDADC7531FC8BD0C00F76A94 /* TQUserInfoInputView.swift in Sources */,
				FD7E83681FC517F500025211 /* TQNNTPManager.swift in Sources */,
				FD5A1B751FC8E42B00789626 /* KeychainItemAccessibility.swift in Sources */,
				FD91EF671FCA17EA009CB0F5 /* TQLogger.swift in Sources */,
				FD9CB6521F4233E800BC2225 /* main.m in Sources */,
				FD833CB31FC89EDD003A9FA0 /* TQArticleComposerViewController.swift in Sources */,
				FDE7CBA91F7D73F100E6E89E /* TQLabel.swift in Sources */,
				FDE7CBAF1F7D993900E6E89E /* TQSearchBar.swift in Sources */,
				FDE7CBB21F7DA08100E6E89E /* UIView+NibLoader.swift in Sources */,
				FDE7CBAC1F7D7B9800E6E89E /* TQTextField.swift in Sources */,
				FD90FDA01FC8F62E005449F1 /* TQGroupSelectionViewController.swift in Sources */,
				FD1E839A1FC370FA007227D0 /* TQOverlaySlidingMenu.swift in Sources */,
				FD7E83651FC5159B00025211 /* String+TQEncoding.swift in Sources */,
				FDE86E751FC78A63009C0466 /* TQLogoutConfirmationView.swift in Sources */,
				FDE86E7E1FC794E5009C0466 /* TQArticleHeaderTableViewCell.swift in Sources */,
				FDB6ED2E1FC4BC6200BACC8A /* TQNNTPGroup.swift in Sources */,
				FDE86E781FC78CE6009C0466 /* TQReleaseNotesView.swift in Sources */,
				FD5A1B781FC8E4C300789626 /* TQUserInfoManager.swift in Sources */,
				FD1E83911FC36910007227D0 /* TQOverlay.swift in Sources */,
				FD91EF641FCA0D24009CB0F5 /* Reachability.swift in Sources */,
				FDE86E7B1FC790A6009C0466 /* TQHeaderDownloadProgressView.swift in Sources */,
			);
			runOnlyForDeploymentPostprocessing = 0;
		};
		FD9CB6621F4233E800BC2225 /* Sources */ = {
			isa = PBXSourcesBuildPhase;
			buildActionMask = 2147483647;
			files = (
				FDE86E821FC898F7009C0466 /* TQArticleViewController.swift in Sources */,
				FDE7CBB31F7DA08100E6E89E /* UIView+NibLoader.swift in Sources */,
				FDD9BF191FCA22DE00457A47 /* TQLogger.swift in Sources */,
				FD90FD9E1FC8F1B6005449F1 /* TQGroupSelectionTableViewCell.swift in Sources */,
				FD6443241FC8D855006CE187 /* KeychainWrapper.swift in Sources */,
				FDB6ED2F1FC4BC6200BACC8A /* TQNNTPGroup.swift in Sources */,
				FDE7CBAA1F7D73F100E6E89E /* TQLabel.swift in Sources */,
				FD5A1B791FC8E4C300789626 /* TQUserInfoManager.swift in Sources */,
				FDE86E7F1FC794E5009C0466 /* TQArticleHeaderTableViewCell.swift in Sources */,
				FDE86E731FC77F27009C0466 /* TQGroupViewController.swift in Sources */,
				FD9CB66B1F4233E800BC2225 /* TurquoiseTests.m in Sources */,
				FDADC7541FC8BD0C00F76A94 /* TQUserInfoInputView.swift in Sources */,
				FDE86E761FC78A63009C0466 /* TQLogoutConfirmationView.swift in Sources */,
				FDB6ED321FC4FDE200BACC8A /* TQNNTPArticle.swift in Sources */,
				FD1E839B1FC370FA007227D0 /* TQOverlaySlidingMenu.swift in Sources */,
				FDF0E17C1FC3FF42003AEA1B /* TQNNTPResponse.swift in Sources */,
				FD833CB41FC89EDD003A9FA0 /* TQArticleComposerViewController.swift in Sources */,
				FDE7CBB01F7D993900E6E89E /* TQSearchBar.swift in Sources */,
				FD91EF651FCA0D24009CB0F5 /* Reachability.swift in Sources */,
				FD7E83661FC5159B00025211 /* String+TQEncoding.swift in Sources */,
				FDE86E7C1FC790A6009C0466 /* TQHeaderDownloadProgressView.swift in Sources */,
				FD1E83981FC36FB7007227D0 /* TQOverlayBackgroundView.swift in Sources */,
				FDB6ED351FC50C8D00BACC8A /* TQNNTPArticleForest.swift in Sources */,
				FD1E83921FC36910007227D0 /* TQOverlay.swift in Sources */,
				FDADC7571FC8CF0F00F76A94 /* TQLoginViewController.swift in Sources */,
				FD5A1B761FC8E42B00789626 /* KeychainItemAccessibility.swift in Sources */,
				FDE86E791FC78CE6009C0466 /* TQReleaseNotesView.swift in Sources */,
				FDE7CBAD1F7D7B9800E6E89E /* TQTextField.swift in Sources */,
				FD90FDA11FC8F62E005449F1 /* TQGroupSelectionViewController.swift in Sources */,
				FD7E83691FC517F500025211 /* TQNNTPManager.swift in Sources */,
			);
			runOnlyForDeploymentPostprocessing = 0;
		};
/* End PBXSourcesBuildPhase section */

/* Begin PBXTargetDependency section */
		FD9CB6681F4233E800BC2225 /* PBXTargetDependency */ = {
			isa = PBXTargetDependency;
			target = FD9CB64C1F4233E800BC2225 /* Turquoise */;
			targetProxy = FD9CB6671F4233E800BC2225 /* PBXContainerItemProxy */;
		};
/* End PBXTargetDependency section */

/* Begin PBXVariantGroup section */
		FD9CB6591F4233E800BC2225 /* Main.storyboard */ = {
			isa = PBXVariantGroup;
			children = (
				FD9CB65A1F4233E800BC2225 /* Base */,
			);
			name = Main.storyboard;
			sourceTree = "<group>";
		};
		FD9CB65E1F4233E800BC2225 /* LaunchScreen.storyboard */ = {
			isa = PBXVariantGroup;
			children = (
				FD9CB65F1F4233E800BC2225 /* Base */,
			);
			name = LaunchScreen.storyboard;
			sourceTree = "<group>";
		};
/* End PBXVariantGroup section */

/* Begin XCBuildConfiguration section */
		FD9CB66D1F4233E800BC2225 /* Debug */ = {
			isa = XCBuildConfiguration;
			buildSettings = {
				ALWAYS_SEARCH_USER_PATHS = NO;
				CLANG_ANALYZER_NONNULL = YES;
				CLANG_CXX_LANGUAGE_STANDARD = "gnu++0x";
				CLANG_CXX_LIBRARY = "libc++";
				CLANG_ENABLE_MODULES = YES;
				CLANG_ENABLE_OBJC_ARC = YES;
				CLANG_WARN_BLOCK_CAPTURE_AUTORELEASING = YES;
				CLANG_WARN_BOOL_CONVERSION = YES;
				CLANG_WARN_COMMA = YES;
				CLANG_WARN_CONSTANT_CONVERSION = YES;
				CLANG_WARN_DIRECT_OBJC_ISA_USAGE = YES_ERROR;
				CLANG_WARN_EMPTY_BODY = YES;
				CLANG_WARN_ENUM_CONVERSION = YES;
				CLANG_WARN_INFINITE_RECURSION = YES;
				CLANG_WARN_INT_CONVERSION = YES;
				CLANG_WARN_NON_LITERAL_NULL_CONVERSION = YES;
				CLANG_WARN_OBJC_LITERAL_CONVERSION = YES;
				CLANG_WARN_OBJC_ROOT_CLASS = YES_ERROR;
				CLANG_WARN_RANGE_LOOP_ANALYSIS = YES;
				CLANG_WARN_STRICT_PROTOTYPES = YES;
				CLANG_WARN_SUSPICIOUS_MOVE = YES;
				CLANG_WARN_UNREACHABLE_CODE = YES;
				CLANG_WARN__DUPLICATE_METHOD_MATCH = YES;
				"CODE_SIGN_IDENTITY[sdk=iphoneos*]" = "iPhone Developer";
				COPY_PHASE_STRIP = NO;
				DEBUG_INFORMATION_FORMAT = dwarf;
				ENABLE_STRICT_OBJC_MSGSEND = YES;
				ENABLE_TESTABILITY = YES;
				GCC_C_LANGUAGE_STANDARD = gnu99;
				GCC_DYNAMIC_NO_PIC = NO;
				GCC_NO_COMMON_BLOCKS = YES;
				GCC_OPTIMIZATION_LEVEL = 0;
				GCC_PREPROCESSOR_DEFINITIONS = (
					"DEBUG=1",
					"$(inherited)",
				);
				GCC_WARN_64_TO_32_BIT_CONVERSION = YES;
				GCC_WARN_ABOUT_RETURN_TYPE = YES_ERROR;
				GCC_WARN_UNDECLARED_SELECTOR = YES;
				GCC_WARN_UNINITIALIZED_AUTOS = YES_AGGRESSIVE;
				GCC_WARN_UNUSED_FUNCTION = YES;
				GCC_WARN_UNUSED_VARIABLE = YES;
				IPHONEOS_DEPLOYMENT_TARGET = 10.0;
				MTL_ENABLE_DEBUG_INFO = YES;
				ONLY_ACTIVE_ARCH = YES;
				SDKROOT = iphoneos;
				TARGETED_DEVICE_FAMILY = "1,2";
			};
			name = Debug;
		};
		FD9CB66E1F4233E800BC2225 /* Release */ = {
			isa = XCBuildConfiguration;
			buildSettings = {
				ALWAYS_SEARCH_USER_PATHS = NO;
				CLANG_ANALYZER_NONNULL = YES;
				CLANG_CXX_LANGUAGE_STANDARD = "gnu++0x";
				CLANG_CXX_LIBRARY = "libc++";
				CLANG_ENABLE_MODULES = YES;
				CLANG_ENABLE_OBJC_ARC = YES;
				CLANG_WARN_BLOCK_CAPTURE_AUTORELEASING = YES;
				CLANG_WARN_BOOL_CONVERSION = YES;
				CLANG_WARN_COMMA = YES;
				CLANG_WARN_CONSTANT_CONVERSION = YES;
				CLANG_WARN_DIRECT_OBJC_ISA_USAGE = YES_ERROR;
				CLANG_WARN_EMPTY_BODY = YES;
				CLANG_WARN_ENUM_CONVERSION = YES;
				CLANG_WARN_INFINITE_RECURSION = YES;
				CLANG_WARN_INT_CONVERSION = YES;
				CLANG_WARN_NON_LITERAL_NULL_CONVERSION = YES;
				CLANG_WARN_OBJC_LITERAL_CONVERSION = YES;
				CLANG_WARN_OBJC_ROOT_CLASS = YES_ERROR;
				CLANG_WARN_RANGE_LOOP_ANALYSIS = YES;
				CLANG_WARN_STRICT_PROTOTYPES = YES;
				CLANG_WARN_SUSPICIOUS_MOVE = YES;
				CLANG_WARN_UNREACHABLE_CODE = YES;
				CLANG_WARN__DUPLICATE_METHOD_MATCH = YES;
				"CODE_SIGN_IDENTITY[sdk=iphoneos*]" = "iPhone Developer";
				COPY_PHASE_STRIP = NO;
				DEBUG_INFORMATION_FORMAT = "dwarf-with-dsym";
				ENABLE_NS_ASSERTIONS = NO;
				ENABLE_STRICT_OBJC_MSGSEND = YES;
				GCC_C_LANGUAGE_STANDARD = gnu99;
				GCC_NO_COMMON_BLOCKS = YES;
				GCC_WARN_64_TO_32_BIT_CONVERSION = YES;
				GCC_WARN_ABOUT_RETURN_TYPE = YES_ERROR;
				GCC_WARN_UNDECLARED_SELECTOR = YES;
				GCC_WARN_UNINITIALIZED_AUTOS = YES_AGGRESSIVE;
				GCC_WARN_UNUSED_FUNCTION = YES;
				GCC_WARN_UNUSED_VARIABLE = YES;
				IPHONEOS_DEPLOYMENT_TARGET = 10.0;
				MTL_ENABLE_DEBUG_INFO = NO;
				SDKROOT = iphoneos;
				SWIFT_OPTIMIZATION_LEVEL = "-Owholemodule";
				TARGETED_DEVICE_FAMILY = "1,2";
				VALIDATE_PRODUCT = YES;
			};
			name = Release;
		};
		FD9CB6701F4233E800BC2225 /* Debug */ = {
			isa = XCBuildConfiguration;
			buildSettings = {
				ASSETCATALOG_COMPILER_APPICON_NAME = AppIcon;
				CLANG_ENABLE_MODULES = YES;
				DEBUG_ACTIVITY_MODE = "";
				"DEBUG_ACTIVITY_MODE[sdk=iphonesimulator*]" = disable;
				DEFINES_MODULE = YES;
				DEVELOPMENT_TEAM = 286BN4BY9J;
				FRAMEWORK_SEARCH_PATHS = (
					"$(inherited)",
					"$(SRCROOT)",
				);
				GCC_PRECOMPILE_PREFIX_HEADER = YES;
				GCC_PREFIX_HEADER = Turquoise/TQPrefixHeader.pch;
				INFOPLIST_FILE = Turquoise/Info.plist;
				IPHONEOS_DEPLOYMENT_TARGET = 10.0;
				LD_RUNPATH_SEARCH_PATHS = "$(inherited) @executable_path/Frameworks";
				"LD_RUNPATH_SEARCH_PATHS[arch=*]" = "$(inherited) @executable_path/Frameworks";
				OTHER_LDFLAGS = (
					"-ObjC",
					"-weak_framework",
					RevealServer,
				);
				PRODUCT_BUNDLE_IDENTIFIER = com.tolgaakin.ayran;
				PRODUCT_NAME = "$(TARGET_NAME)";
				SWIFT_OPTIMIZATION_LEVEL = "-Onone";
				SWIFT_VERSION = 3.0;
			};
			name = Debug;
		};
		FD9CB6711F4233E800BC2225 /* Release */ = {
			isa = XCBuildConfiguration;
			buildSettings = {
				ASSETCATALOG_COMPILER_APPICON_NAME = AppIcon;
				CLANG_ENABLE_MODULES = YES;
				DEBUG_ACTIVITY_MODE = "";
				DEFINES_MODULE = YES;
				DEVELOPMENT_TEAM = 286BN4BY9J;
				GCC_PRECOMPILE_PREFIX_HEADER = YES;
				GCC_PREFIX_HEADER = Turquoise/TQPrefixHeader.pch;
				INFOPLIST_FILE = Turquoise/Info.plist;
				IPHONEOS_DEPLOYMENT_TARGET = 10.0;
				LD_RUNPATH_SEARCH_PATHS = "$(inherited) @executable_path/Frameworks";
				PRODUCT_BUNDLE_IDENTIFIER = com.tolgaakin.ayran;
				PRODUCT_NAME = "$(TARGET_NAME)";
				SWIFT_VERSION = 3.0;
			};
			name = Release;
		};
		FD9CB6731F4233E800BC2225 /* Debug */ = {
			isa = XCBuildConfiguration;
			buildSettings = {
				ALWAYS_EMBED_SWIFT_STANDARD_LIBRARIES = YES;
				BUNDLE_LOADER = "$(TEST_HOST)";
				CLANG_ENABLE_MODULES = YES;
				INFOPLIST_FILE = TurquoiseTests/Info.plist;
				LD_RUNPATH_SEARCH_PATHS = "$(inherited) @executable_path/Frameworks @loader_path/Frameworks";
				PRODUCT_BUNDLE_IDENTIFIER = com.tolgaakin.TurquoiseTests;
				PRODUCT_NAME = "$(TARGET_NAME)";
				SWIFT_OPTIMIZATION_LEVEL = "-Onone";
				SWIFT_VERSION = 3.0;
				TEST_HOST = "$(BUILT_PRODUCTS_DIR)/Turquoise.app/Turquoise";
			};
			name = Debug;
		};
		FD9CB6741F4233E800BC2225 /* Release */ = {
			isa = XCBuildConfiguration;
			buildSettings = {
				ALWAYS_EMBED_SWIFT_STANDARD_LIBRARIES = YES;
				BUNDLE_LOADER = "$(TEST_HOST)";
				CLANG_ENABLE_MODULES = YES;
				INFOPLIST_FILE = TurquoiseTests/Info.plist;
				LD_RUNPATH_SEARCH_PATHS = "$(inherited) @executable_path/Frameworks @loader_path/Frameworks";
				PRODUCT_BUNDLE_IDENTIFIER = com.tolgaakin.TurquoiseTests;
				PRODUCT_NAME = "$(TARGET_NAME)";
				SWIFT_VERSION = 3.0;
				TEST_HOST = "$(BUILT_PRODUCTS_DIR)/Turquoise.app/Turquoise";
			};
			name = Release;
		};
/* End XCBuildConfiguration section */

/* Begin XCConfigurationList section */
		FD9CB6481F4233E800BC2225 /* Build configuration list for PBXProject "Turquoise" */ = {
			isa = XCConfigurationList;
			buildConfigurations = (
				FD9CB66D1F4233E800BC2225 /* Debug */,
				FD9CB66E1F4233E800BC2225 /* Release */,
			);
			defaultConfigurationIsVisible = 0;
			defaultConfigurationName = Release;
		};
		FD9CB66F1F4233E800BC2225 /* Build configuration list for PBXNativeTarget "Turquoise" */ = {
			isa = XCConfigurationList;
			buildConfigurations = (
				FD9CB6701F4233E800BC2225 /* Debug */,
				FD9CB6711F4233E800BC2225 /* Release */,
			);
			defaultConfigurationIsVisible = 0;
			defaultConfigurationName = Release;
		};
		FD9CB6721F4233E800BC2225 /* Build configuration list for PBXNativeTarget "TurquoiseTests" */ = {
			isa = XCConfigurationList;
			buildConfigurations = (
				FD9CB6731F4233E800BC2225 /* Debug */,
				FD9CB6741F4233E800BC2225 /* Release */,
			);
			defaultConfigurationIsVisible = 0;
			defaultConfigurationName = Release;
		};
/* End XCConfigurationList section */
	};
	rootObject = FD9CB6451F4233E800BC2225 /* Project object */;
}
